
Microsoft Visual Studio Solution File, Format Version 12.00
# Visual Studio Version 16
VisualStudioVersion = 16.0.32630.194
MinimumVisualStudioVersion = 10.0.40219.1
Project("{FAE04EC0-301F-11D3-BF4B-00C04F79EFBC}") = "Presidents", "Presidents.csproj", "{60339245-AAC9-4829-BE66-F4FC2DD22240}"
EndProject
Global
	GlobalSection(SolutionConfigurationPlatforms) = preSolution
		Debug|Any CPU = Debug|Any CPU
		Release|Any CPU = Release|Any CPU
	EndGlobalSection
	GlobalSection(ProjectConfigurationPlatforms) = postSolution
		{60339245-AAC9-4829-BE66-F4FC2DD22240}.Debug|Any CPU.ActiveCfg = Debug|Any CPU
		{60339245-AAC9-4829-BE66-F4FC2DD22240}.Debug|Any CPU.Build.0 = Debug|Any CPU
		{60339245-AAC9-4829-BE66-F4FC2DD22240}.Release|Any CPU.ActiveCfg = Release|Any CPU
		{60339245-AAC9-4829-BE66-F4FC2DD22240}.Release|Any CPU.Build.0 = Release|Any CPU
	EndGlobalSection
	GlobalSection(SolutionProperties) = preSolution
		HideSolutionNode = FALSE
	EndGlobalSection
	GlobalSection(ExtensibilityGlobals) = postSolution
		SolutionGuid = {9ED04FAD-0D4C-44CB-AB58-9AB39E2ABDE1}
	EndGlobalSection
EndGlobal
